
Microsoft Visual Studio Solution File, Format Version 12.00
# Visual Studio 15
Project("{FAE04EC0-301F-11D3-BF4B-00C04F79EFBC}") = "Assembly-CSharp", "Assembly-CSharp.csproj", "{8401D0A1-80DB-7D28-8A7B-8A0CB8A68695}"
EndProject
Project("{FAE04EC0-301F-11D3-BF4B-00C04F79EFBC}") = "Assembly-CSharp-Editor", "Assembly-CSharp-Editor.csproj", "{0DA573CE-10E3-3CBD-2F82-70187AFE0868}"
EndProject
Global
	GlobalSection(SolutionConfigurationPlatforms) = preSolution
		Debug|Any CPU = Debug|Any CPU
		Release|Any CPU = Release|Any CPU
	EndGlobalSection
	GlobalSection(ProjectConfigurationPlatforms) = postSolution
		{8401D0A1-80DB-7D28-8A7B-8A0CB8A68695}.Debug|Any CPU.ActiveCfg = Debug|Any CPU
		{8401D0A1-80DB-7D28-8A7B-8A0CB8A68695}.Debug|Any CPU.Build.0 = Debug|Any CPU
		{8401D0A1-80DB-7D28-8A7B-8A0CB8A68695}.Release|Any CPU.ActiveCfg = Release|Any CPU
		{8401D0A1-80DB-7D28-8A7B-8A0CB8A68695}.Release|Any CPU.Build.0 = Release|Any CPU
		{0DA573CE-10E3-3CBD-2F82-70187AFE0868}.Debug|Any CPU.ActiveCfg = Debug|Any CPU
		{0DA573CE-10E3-3CBD-2F82-70187AFE0868}.Debug|Any CPU.Build.0 = Debug|Any CPU
		{0DA573CE-10E3-3CBD-2F82-70187AFE0868}.Release|Any CPU.ActiveCfg = Release|Any CPU
		{0DA573CE-10E3-3CBD-2F82-70187AFE0868}.Release|Any CPU.Build.0 = Release|Any CPU
	EndGlobalSection
	GlobalSection(SolutionProperties) = preSolution
		HideSolutionNode = FALSE
	EndGlobalSection
EndGlobal
